
Microsoft Visual Studio Solution File, Format Version 12.00
# Visual Studio Version 17
VisualStudioVersion = 17.0.31919.166
MinimumVisualStudioVersion = 10.0.40219.1
Project("{FAE04EC0-301F-11D3-BF4B-00C04F79EFBC}") = "RESAS.Services", "RESAS.Services\RESAS.Services.csproj", "{A994E257-4997-4481-B845-194C2FC98E13}"
EndProject
Project("{FAE04EC0-301F-11D3-BF4B-00C04F79EFBC}") = "Test", "Test\Test.csproj", "{086E9A82-E515-42BA-A686-0933149121D1}"
EndProject
Project("{9A19103F-16F7-4668-BE54-9A1E7A4F7556}") = "HeritageLibrary", "..\HeritageLibrary\HeritageLibrary\HeritageLibrary.csproj", "{2570957A-6443-45CC-B070-2BFE17E4A91C}"
EndProject
Global
	GlobalSection(SolutionConfigurationPlatforms) = preSolution
		Debug|Any CPU = Debug|Any CPU
		Release|Any CPU = Release|Any CPU
	EndGlobalSection
	GlobalSection(ProjectConfigurationPlatforms) = postSolution
		{A994E257-4997-4481-B845-194C2FC98E13}.Debug|Any CPU.ActiveCfg = Debug|Any CPU
		{A994E257-4997-4481-B845-194C2FC98E13}.Debug|Any CPU.Build.0 = Debug|Any CPU
		{A994E257-4997-4481-B845-194C2FC98E13}.Release|Any CPU.ActiveCfg = Release|Any CPU
		{A994E257-4997-4481-B845-194C2FC98E13}.Release|Any CPU.Build.0 = Release|Any CPU
		{086E9A82-E515-42BA-A686-0933149121D1}.Debug|Any CPU.ActiveCfg = Debug|Any CPU
		{086E9A82-E515-42BA-A686-0933149121D1}.Debug|Any CPU.Build.0 = Debug|Any CPU
		{086E9A82-E515-42BA-A686-0933149121D1}.Release|Any CPU.ActiveCfg = Release|Any CPU
		{086E9A82-E515-42BA-A686-0933149121D1}.Release|Any CPU.Build.0 = Release|Any CPU
		{2570957A-6443-45CC-B070-2BFE17E4A91C}.Debug|Any CPU.ActiveCfg = Debug|Any CPU
		{2570957A-6443-45CC-B070-2BFE17E4A91C}.Debug|Any CPU.Build.0 = Debug|Any CPU
		{2570957A-6443-45CC-B070-2BFE17E4A91C}.Release|Any CPU.ActiveCfg = Release|Any CPU
		{2570957A-6443-45CC-B070-2BFE17E4A91C}.Release|Any CPU.Build.0 = Release|Any CPU
	EndGlobalSection
	GlobalSection(SolutionProperties) = preSolution
		HideSolutionNode = FALSE
	EndGlobalSection
	GlobalSection(ExtensibilityGlobals) = postSolution
		SolutionGuid = {27A2994A-27B7-4955-B0A3-6ED2664FD269}
	EndGlobalSection
EndGlobal
